
Microsoft Visual Studio Solution File, Format Version 12.00
# Visual Studio Version 17
VisualStudioVersion = 17.11.35327.3
MinimumVisualStudioVersion = 10.0.40219.1
Project("{FAE04EC0-301F-11D3-BF4B-00C04F79EFBC}") = "PizzaRendelesiAPI", "PizzaRendelesiAPI\PizzaRendelesiAPI.csproj", "{001A0DCD-FD7C-4FDF-9FA6-081DC043E620}"
EndProject
Global
	GlobalSection(SolutionConfigurationPlatforms) = preSolution
		Debug|Any CPU = Debug|Any CPU
		Release|Any CPU = Release|Any CPU
	EndGlobalSection
	GlobalSection(ProjectConfigurationPlatforms) = postSolution
		{001A0DCD-FD7C-4FDF-9FA6-081DC043E620}.Debug|Any CPU.ActiveCfg = Debug|Any CPU
		{001A0DCD-FD7C-4FDF-9FA6-081DC043E620}.Debug|Any CPU.Build.0 = Debug|Any CPU
		{001A0DCD-FD7C-4FDF-9FA6-081DC043E620}.Release|Any CPU.ActiveCfg = Release|Any CPU
		{001A0DCD-FD7C-4FDF-9FA6-081DC043E620}.Release|Any CPU.Build.0 = Release|Any CPU
	EndGlobalSection
	GlobalSection(SolutionProperties) = preSolution
		HideSolutionNode = FALSE
	EndGlobalSection
	GlobalSection(ExtensibilityGlobals) = postSolution
		SolutionGuid = {EC5794F3-0A1A-4146-9404-53360B606046}
	EndGlobalSection
EndGlobal
